// !$*UTF8*$!
{
	archiveVersion = 1;
	classes = {
	};
	objectVersion = 77;
	objects = {

/* Begin PBXContainerItemProxy section */
		BCA3541E2CC9414D00FCDE8A /* PBXContainerItemProxy */ = {
			isa = PBXContainerItemProxy;
			containerPortal = BCA353FF2CC9414C00FCDE8A /* Project object */;
			proxyType = 1;
			remoteGlobalIDString = BCA354062CC9414C00FCDE8A;
			remoteInfo = CalculateBMI;
		};
		BCA354282CC9414D00FCDE8A /* PBXContainerItemProxy */ = {
			isa = PBXContainerItemProxy;
			containerPortal = BCA353FF2CC9414C00FCDE8A /* Project object */;
			proxyType = 1;
			remoteGlobalIDString = BCA354062CC9414C00FCDE8A;
			remoteInfo = CalculateBMI;
		};
/* End PBXContainerItemProxy section */

/* Begin PBXFileReference section */
		BCA354072CC9414C00FCDE8A /* CalculateBMI.app */ = {isa = PBXFileReference; explicitFileType = wrapper.application; includeInIndex = 0; path = CalculateBMI.app; sourceTree = BUILT_PRODUCTS_DIR; };
		BCA3541D2CC9414D00FCDE8A /* CalculateBMITests.xctest */ = {isa = PBXFileReference; explicitFileType = wrapper.cfbundle; includeInIndex = 0; path = CalculateBMITests.xctest; sourceTree = BUILT_PRODUCTS_DIR; };
		BCA354272CC9414D00FCDE8A /* CalculateBMIUITests.xctest */ = {isa = PBXFileReference; explicitFileType = wrapper.cfbundle; includeInIndex = 0; path = CalculateBMIUITests.xctest; sourceTree = BUILT_PRODUCTS_DIR; };
/* End PBXFileReference section */

/* Begin PBXFileSystemSynchronizedBuildFileExceptionSet section */
		BCA3542F2CC9414D00FCDE8A /* Exceptions for "CalculateBMI" folder in "CalculateBMI" target */ = {
			isa = PBXFileSystemSynchronizedBuildFileExceptionSet;
			membershipExceptions = (
				Info.plist,
			);
			target = BCA354062CC9414C00FCDE8A /* CalculateBMI */;
		};
/* End PBXFileSystemSynchronizedBuildFileExceptionSet section */

/* Begin PBXFileSystemSynchronizedRootGroup section */
		BCA354092CC9414C00FCDE8A /* CalculateBMI */ = {
			isa = PBXFileSystemSynchronizedRootGroup;
			exceptions = (
				BCA3542F2CC9414D00FCDE8A /* Exceptions for "CalculateBMI" folder in "CalculateBMI" target */,
			);
			path = CalculateBMI;
			sourceTree = "<group>";
		};
		BCA354202CC9414D00FCDE8A /* CalculateBMITests */ = {
			isa = PBXFileSystemSynchronizedRootGroup;
			path = CalculateBMITests;
			sourceTree = "<group>";
		};
		BCA3542A2CC9414D00FCDE8A /* CalculateBMIUITests */ = {
			isa = PBXFileSystemSynchronizedRootGroup;
			path = CalculateBMIUITests;
			sourceTree = "<group>";
		};
/* End PBXFileSystemSynchronizedRootGroup section */

/* Begin PBXFrameworksBuildPhase section */
		BCA354042CC9414C00FCDE8A /* Frameworks */ = {
			isa = PBXFrameworksBuildPhase;
			buildActionMask = 2147483647;
			files = (
			);
			runOnlyForDeploymentPostprocessing = 0;
		};
		BCA3541A2CC9414D00FCDE8A /* Frameworks */ = {
			isa = PBXFrameworksBuildPhase;
			buildActionMask = 2147483647;
			files = (
			);
			runOnlyForDeploymentPostprocessing = 0;
		};
		BCA354242CC9414D00FCDE8A /* Frameworks */ = {
			isa = PBXFrameworksBuildPhase;
			buildActionMask = 2147483647;
			files = (
			);
			runOnlyForDeploymentPostprocessing = 0;
		};
/* End PBXFrameworksBuildPhase section */

/* Begin PBXGroup section */
		BCA353FE2CC9414C00FCDE8A = {
			isa = PBXGroup;
			children = (
				BCA354092CC9414C00FCDE8A /* CalculateBMI */,
				BCA354202CC9414D00FCDE8A /* CalculateBMITests */,
				BCA3542A2CC9414D00FCDE8A /* CalculateBMIUITests */,
				BCA354082CC9414C00FCDE8A /* Products */,
			);
			sourceTree = "<group>";
		};
		BCA354082CC9414C00FCDE8A /* Products */ = {
			isa = PBXGroup;
			children = (
				BCA354072CC9414C00FCDE8A /* CalculateBMI.app */,
				BCA3541D2CC9414D00FCDE8A /* CalculateBMITests.xctest */,
				BCA354272CC9414D00FCDE8A /* CalculateBMIUITests.xctest */,
			);
			name = Products;
			sourceTree = "<group>";
		};
/* End PBXGroup section */

/* Begin PBXNativeTarget section */
		BCA354062CC9414C00FCDE8A /* CalculateBMI */ = {
			isa = PBXNativeTarget;
			buildConfigurationList = BCA354302CC9414D00FCDE8A /* Build configuration list for PBXNativeTarget "CalculateBMI" */;
			buildPhases = (
				BCA354032CC9414C00FCDE8A /* Sources */,
				BCA354042CC9414C00FCDE8A /* Frameworks */,
				BCA354052CC9414C00FCDE8A /* Resources */,
			);
			buildRules = (
			);
			dependencies = (
			);
			fileSystemSynchronizedGroups = (
				BCA354092CC9414C00FCDE8A /* CalculateBMI */,
			);
			name = CalculateBMI;
			packageProductDependencies = (
			);
			productName = CalculateBMI;
			productReference = BCA354072CC9414C00FCDE8A /* CalculateBMI.app */;
			productType = "com.apple.product-type.application";
		};
		BCA3541C2CC9414D00FCDE8A /* CalculateBMITests */ = {
			isa = PBXNativeTarget;
			buildConfigurationList = BCA354352CC9414D00FCDE8A /* Build configuration list for PBXNativeTarget "CalculateBMITests" */;
			buildPhases = (
				BCA354192CC9414D00FCDE8A /* Sources */,
				BCA3541A2CC9414D00FCDE8A /* Frameworks */,
				BCA3541B2CC9414D00FCDE8A /* Resources */,
			);
			buildRules = (
			);
			dependencies = (
				BCA3541F2CC9414D00FCDE8A /* PBXTargetDependency */,
			);
			fileSystemSynchronizedGroups = (
				BCA354202CC9414D00FCDE8A /* CalculateBMITests */,
			);
			name = CalculateBMITests;
			packageProductDependencies = (
			);
			productName = CalculateBMITests;
			productReference = BCA3541D2CC9414D00FCDE8A /* CalculateBMITests.xctest */;
			productType = "com.apple.product-type.bundle.unit-test";
		};
		BCA354262CC9414D00FCDE8A /* CalculateBMIUITests */ = {
			isa = PBXNativeTarget;
			buildConfigurationList = BCA354382CC9414D00FCDE8A /* Build configuration list for PBXNativeTarget "CalculateBMIUITests" */;
			buildPhases = (
				BCA354232CC9414D00FCDE8A /* Sources */,
				BCA354242CC9414D00FCDE8A /* Frameworks */,
				BCA354252CC9414D00FCDE8A /* Resources */,
			);
			buildRules = (
			);
			dependencies = (
				BCA354292CC9414D00FCDE8A /* PBXTargetDependency */,
			);
			fileSystemSynchronizedGroups = (
				BCA3542A2CC9414D00FCDE8A /* CalculateBMIUITests */,
			);
			name = CalculateBMIUITests;
			packageProductDependencies = (
			);
			productName = CalculateBMIUITests;
			productReference = BCA354272CC9414D00FCDE8A /* CalculateBMIUITests.xctest */;
			productType = "com.apple.product-type.bundle.ui-testing";
		};
/* End PBXNativeTarget section */

/* Begin PBXProject section */
		BCA353FF2CC9414C00FCDE8A /* Project object */ = {
			isa = PBXProject;
			attributes = {
				BuildIndependentTargetsInParallel = 1;
				LastSwiftUpdateCheck = 1600;
				LastUpgradeCheck = 1600;
				TargetAttributes = {
					BCA354062CC9414C00FCDE8A = {
						CreatedOnToolsVersion = 16.0;
					};
					BCA3541C2CC9414D00FCDE8A = {
						CreatedOnToolsVersion = 16.0;
						TestTargetID = BCA354062CC9414C00FCDE8A;
					};
					BCA354262CC9414D00FCDE8A = {
						CreatedOnToolsVersion = 16.0;
						TestTargetID = BCA354062CC9414C00FCDE8A;
					};
				};
			};
			buildConfigurationList = BCA354022CC9414C00FCDE8A /* Build configuration list for PBXProject "CalculateBMI" */;
			developmentRegion = en;
			hasScannedForEncodings = 0;
			knownRegions = (
				en,
				Base,
			);
			mainGroup = BCA353FE2CC9414C00FCDE8A;
			minimizedProjectReferenceProxies = 1;
			preferredProjectObjectVersion = 77;
			productRefGroup = BCA354082CC9414C00FCDE8A /* Products */;
			projectDirPath = "";
			projectRoot = "";
			targets = (
				BCA354062CC9414C00FCDE8A /* CalculateBMI */,
				BCA3541C2CC9414D00FCDE8A /* CalculateBMITests */,
				BCA354262CC9414D00FCDE8A /* CalculateBMIUITests */,
			);
		};
/* End PBXProject section */

/* Begin PBXResourcesBuildPhase section */
		BCA354052CC9414C00FCDE8A /* Resources */ = {
			isa = PBXResourcesBuildPhase;
			buildActionMask = 2147483647;
			files = (
			);
			runOnlyForDeploymentPostprocessing = 0;
		};
		BCA3541B2CC9414D00FCDE8A /* Resources */ = {
			isa = PBXResourcesBuildPhase;
			buildActionMask = 2147483647;
			files = (
			);
			runOnlyForDeploymentPostprocessing = 0;
		};
		BCA354252CC9414D00FCDE8A /* Resources */ = {
			isa = PBXResourcesBuildPhase;
			buildActionMask = 2147483647;
			files = (
			);
			runOnlyForDeploymentPostprocessing = 0;
		};
/* End PBXResourcesBuildPhase section */

/* Begin PBXSourcesBuildPhase section */
		BCA354032CC9414C00FCDE8A /* Sources */ = {
			isa = PBXSourcesBuildPhase;
			buildActionMask = 2147483647;
			files = (
			);
			runOnlyForDeploymentPostprocessing = 0;
		};
		BCA354192CC9414D00FCDE8A /* Sources */ = {
			isa = PBXSourcesBuildPhase;
			buildActionMask = 2147483647;
			files = (
			);
			runOnlyForDeploymentPostprocessing = 0;
		};
		BCA354232CC9414D00FCDE8A /* Sources */ = {
			isa = PBXSourcesBuildPhase;
			buildActionMask = 2147483647;
			files = (
			);
			runOnlyForDeploymentPostprocessing = 0;
		};
/* End PBXSourcesBuildPhase section */

/* Begin PBXTargetDependency section */
		BCA3541F2CC9414D00FCDE8A /* PBXTargetDependency */ = {
			isa = PBXTargetDependency;
			target = BCA354062CC9414C00FCDE8A /* CalculateBMI */;
			targetProxy = BCA3541E2CC9414D00FCDE8A /* PBXContainerItemProxy */;
		};
		BCA354292CC9414D00FCDE8A /* PBXTargetDependency */ = {
			isa = PBXTargetDependency;
			target = BCA354062CC9414C00FCDE8A /* CalculateBMI */;
			targetProxy = BCA354282CC9414D00FCDE8A /* PBXContainerItemProxy */;
		};
/* End PBXTargetDependency section */

/* Begin XCBuildConfiguration section */
		BCA354312CC9414D00FCDE8A /* Debug */ = {
			isa = XCBuildConfiguration;
			buildSettings = {
				ASSETCATALOG_COMPILER_APPICON_NAME = AppIcon;
				ASSETCATALOG_COMPILER_GLOBAL_ACCENT_COLOR_NAME = AccentColor;
				CODE_SIGN_STYLE = Automatic;
				CURRENT_PROJECT_VERSION = 1;
				GENERATE_INFOPLIST_FILE = YES;
				INFOPLIST_FILE = CalculateBMI/Info.plist;
				INFOPLIST_KEY_UIApplicationSupportsIndirectInputEvents = YES;
				INFOPLIST_KEY_UILaunchStoryboardName = LaunchScreen;
				INFOPLIST_KEY_UIMainStoryboardFile = Main;
				INFOPLIST_KEY_UISupportedInterfaceOrientations_iPad = "UIInterfaceOrientationPortrait UIInterfaceOrientationPortraitUpsideDown UIInterfaceOrientationLandscapeLeft UIInterfaceOrientationLandscapeRight";
				INFOPLIST_KEY_UISupportedInterfaceOrientations_iPhone = "UIInterfaceOrientationPortrait UIInterfaceOrientationLandscapeLeft UIInterfaceOrientationLandscapeRight";
				LD_RUNPATH_SEARCH_PATHS = (
					"$(inherited)",
					"@executable_path/Frameworks",
				);
				MARKETING_VERSION = 1.0;
				PRODUCT_BUNDLE_IDENTIFIER = com.batuhangursoy.CalculateBMI;
				PRODUCT_NAME = "$(TARGET_NAME)";
				SWIFT_EMIT_LOC_STRINGS = YES;
				SWIFT_VERSION = 5.0;
				TARGETED_DEVICE_FAMILY = "1,2";
			};
			name = Debug;
		};
		BCA354322CC9414D00FCDE8A /* Release */ = {
			isa = XCBuildConfiguration;
			buildSettings = {
				ASSETCATALOG_COMPILER_APPICON_NAME = AppIcon;
				ASSETCATALOG_COMPILER_GLOBAL_ACCENT_COLOR_NAME = AccentColor;
				CODE_SIGN_STYLE = Automatic;
				CURRENT_PROJECT_VERSION = 1;
				GENERATE_INFOPLIST_FILE = YES;
				INFOPLIST_FILE = CalculateBMI/Info.plist;
				INFOPLIST_KEY_UIApplicationSupportsIndirectInputEvents = YES;
				INFOPLIST_KEY_UILaunchStoryboardName = LaunchScreen;
				INFOPLIST_KEY_UIMainStoryboardFile = Main;
				INFOPLIST_KEY_UISupportedInterfaceOrientations_iPad = "UIInterfaceOrientationPortrait UIInterfaceOrientationPortraitUpsideDown UIInterfaceOrientationLandscapeLeft UIInterfaceOrientationLandscapeRight";
				INFOPLIST_KEY_UISupportedInterfaceOrientations_iPhone = "UIInterfaceOrientationPortrait UIInterfaceOrientationLandscapeLeft UIInterfaceOrientationLandscapeRight";
				LD_RUNPATH_SEARCH_PATHS = (
					"$(inherited)",
					"@executable_path/Frameworks",
				);
				MARKETING_VERSION = 1.0;
				PRODUCT_BUNDLE_IDENTIFIER = com.batuhangursoy.CalculateBMI;
				PRODUCT_NAME = "$(TARGET_NAME)";
				SWIFT_EMIT_LOC_STRINGS = YES;
				SWIFT_VERSION = 5.0;
				TARGETED_DEVICE_FAMILY = "1,2";
			};
			name = Release;
		};
		BCA354332CC9414D00FCDE8A /* Debug */ = {
			isa = XCBuildConfiguration;
			buildSettings = {
				ALWAYS_SEARCH_USER_PATHS = NO;
				ASSETCATALOG_COMPILER_GENERATE_SWIFT_ASSET_SYMBOL_EXTENSIONS = YES;
				CLANG_ANALYZER_NONNULL = YES;
				CLANG_ANALYZER_NUMBER_OBJECT_CONVERSION = YES_AGGRESSIVE;
				CLANG_CXX_LANGUAGE_STANDARD = "gnu++20";
				CLANG_ENABLE_MODULES = YES;
				CLANG_ENABLE_OBJC_ARC = YES;
				CLANG_ENABLE_OBJC_WEAK = YES;
				CLANG_WARN_BLOCK_CAPTURE_AUTORELEASING = YES;
				CLANG_WARN_BOOL_CONVERSION = YES;
				CLANG_WARN_COMMA = YES;
				CLANG_WARN_CONSTANT_CONVERSION = YES;
				CLANG_WARN_DEPRECATED_OBJC_IMPLEMENTATIONS = YES;
				CLANG_WARN_DIRECT_OBJC_ISA_USAGE = YES_ERROR;
				CLANG_WARN_DOCUMENTATION_COMMENTS = YES;
				CLANG_WARN_EMPTY_BODY = YES;
				CLANG_WARN_ENUM_CONVERSION = YES;
				CLANG_WARN_INFINITE_RECURSION = YES;
				CLANG_WARN_INT_CONVERSION = YES;
				CLANG_WARN_NON_LITERAL_NULL_CONVERSION = YES;
				CLANG_WARN_OBJC_IMPLICIT_RETAIN_SELF = YES;
				CLANG_WARN_OBJC_LITERAL_CONVERSION = YES;
				CLANG_WARN_OBJC_ROOT_CLASS = YES_ERROR;
				CLANG_WARN_QUOTED_INCLUDE_IN_FRAMEWORK_HEADER = YES;
				CLANG_WARN_RANGE_LOOP_ANALYSIS = YES;
				CLANG_WARN_STRICT_PROTOTYPES = YES;
				CLANG_WARN_SUSPICIOUS_MOVE = YES;
				CLANG_WARN_UNGUARDED_AVAILABILITY = YES_AGGRESSIVE;
				CLANG_WARN_UNREACHABLE_CODE = YES;
				CLANG_WARN__DUPLICATE_METHOD_MATCH = YES;
				COPY_PHASE_STRIP = NO;
				DEBUG_INFORMATION_FORMAT = dwarf;
				ENABLE_STRICT_OBJC_MSGSEND = YES;
				ENABLE_TESTABILITY = YES;
				ENABLE_USER_SCRIPT_SANDBOXING = YES;
				GCC_C_LANGUAGE_STANDARD = gnu17;
				GCC_DYNAMIC_NO_PIC = NO;
				GCC_NO_COMMON_BLOCKS = YES;
				GCC_OPTIMIZATION_LEVEL = 0;
				GCC_PREPROCESSOR_DEFINITIONS = (
					"DEBUG=1",
					"$(inherited)",
				);
				GCC_WARN_64_TO_32_BIT_CONVERSION = YES;
				GCC_WARN_ABOUT_RETURN_TYPE = YES_ERROR;
				GCC_WARN_UNDECLARED_SELECTOR = YES;
				GCC_WARN_UNINITIALIZED_AUTOS = YES_AGGRESSIVE;
				GCC_WARN_UNUSED_FUNCTION = YES;
				GCC_WARN_UNUSED_VARIABLE = YES;
				IPHONEOS_DEPLOYMENT_TARGET = 18.0;
				LOCALIZATION_PREFERS_STRING_CATALOGS = YES;
				MTL_ENABLE_DEBUG_INFO = INCLUDE_SOURCE;
				MTL_FAST_MATH = YES;
				ONLY_ACTIVE_ARCH = YES;
				SDKROOT = iphoneos;
				SWIFT_ACTIVE_COMPILATION_CONDITIONS = "DEBUG $(inherited)";
				SWIFT_OPTIMIZATION_LEVEL = "-Onone";
			};
			name = Debug;
		};
		BCA354342CC9414D00FCDE8A /* Release */ = {
			isa = XCBuildConfiguration;
			buildSettings = {
				ALWAYS_SEARCH_USER_PATHS = NO;
				ASSETCATALOG_COMPILER_GENERATE_SWIFT_ASSET_SYMBOL_EXTENSIONS = YES;
				CLANG_ANALYZER_NONNULL = YES;
				CLANG_ANALYZER_NUMBER_OBJECT_CONVERSION = YES_AGGRESSIVE;
				CLANG_CXX_LANGUAGE_STANDARD = "gnu++20";
				CLANG_ENABLE_MODULES = YES;
				CLANG_ENABLE_OBJC_ARC = YES;
				CLANG_ENABLE_OBJC_WEAK = YES;
				CLANG_WARN_BLOCK_CAPTURE_AUTORELEASING = YES;
				CLANG_WARN_BOOL_CONVERSION = YES;
				CLANG_WARN_COMMA = YES;
				CLANG_WARN_CONSTANT_CONVERSION = YES;
				CLANG_WARN_DEPRECATED_OBJC_IMPLEMENTATIONS = YES;
				CLANG_WARN_DIRECT_OBJC_ISA_USAGE = YES_ERROR;
				CLANG_WARN_DOCUMENTATION_COMMENTS = YES;
				CLANG_WARN_EMPTY_BODY = YES;
				CLANG_WARN_ENUM_CONVERSION = YES;
				CLANG_WARN_INFINITE_RECURSION = YES;
				CLANG_WARN_INT_CONVERSION = YES;
				CLANG_WARN_NON_LITERAL_NULL_CONVERSION = YES;
				CLANG_WARN_OBJC_IMPLICIT_RETAIN_SELF = YES;
				CLANG_WARN_OBJC_LITERAL_CONVERSION = YES;
				CLANG_WARN_OBJC_ROOT_CLASS = YES_ERROR;
				CLANG_WARN_QUOTED_INCLUDE_IN_FRAMEWORK_HEADER = YES;
				CLANG_WARN_RANGE_LOOP_ANALYSIS = YES;
				CLANG_WARN_STRICT_PROTOTYPES = YES;
				CLANG_WARN_SUSPICIOUS_MOVE = YES;
				CLANG_WARN_UNGUARDED_AVAILABILITY = YES_AGGRESSIVE;
				CLANG_WARN_UNREACHABLE_CODE = YES;
				CLANG_WARN__DUPLICATE_METHOD_MATCH = YES;
				COPY_PHASE_STRIP = NO;
				DEBUG_INFORMATION_FORMAT = "dwarf-with-dsym";
				ENABLE_NS_ASSERTIONS = NO;
				ENABLE_STRICT_OBJC_MSGSEND = YES;
				ENABLE_USER_SCRIPT_SANDBOXING = YES;
				GCC_C_LANGUAGE_STANDARD = gnu17;
				GCC_NO_COMMON_BLOCKS = YES;
				GCC_WARN_64_TO_32_BIT_CONVERSION = YES;
				GCC_WARN_ABOUT_RETURN_TYPE = YES_ERROR;
				GCC_WARN_UNDECLARED_SELECTOR = YES;
				GCC_WARN_UNINITIALIZED_AUTOS = YES_AGGRESSIVE;
				GCC_WARN_UNUSED_FUNCTION = YES;
				GCC_WARN_UNUSED_VARIABLE = YES;
				IPHONEOS_DEPLOYMENT_TARGET = 18.0;
				LOCALIZATION_PREFERS_STRING_CATALOGS = YES;
				MTL_ENABLE_DEBUG_INFO = NO;
				MTL_FAST_MATH = YES;
				SDKROOT = iphoneos;
				SWIFT_COMPILATION_MODE = wholemodule;
				VALIDATE_PRODUCT = YES;
			};
			name = Release;
		};
		BCA354362CC9414D00FCDE8A /* Debug */ = {
			isa = XCBuildConfiguration;
			buildSettings = {
				BUNDLE_LOADER = "$(TEST_HOST)";
				CODE_SIGN_STYLE = Automatic;
				CURRENT_PROJECT_VERSION = 1;
				GENERATE_INFOPLIST_FILE = YES;
				IPHONEOS_DEPLOYMENT_TARGET = 18.0;
				MARKETING_VERSION = 1.0;
				PRODUCT_BUNDLE_IDENTIFIER = com.batuhangursoy.CalculateBMITests;
				PRODUCT_NAME = "$(TARGET_NAME)";
				SWIFT_EMIT_LOC_STRINGS = NO;
				SWIFT_VERSION = 5.0;
				TARGETED_DEVICE_FAMILY = "1,2";
				TEST_HOST = "$(BUILT_PRODUCTS_DIR)/CalculateBMI.app/$(BUNDLE_EXECUTABLE_FOLDER_PATH)/CalculateBMI";
			};
			name = Debug;
		};
		BCA354372CC9414D00FCDE8A /* Release */ = {
			isa = XCBuildConfiguration;
			buildSettings = {
				BUNDLE_LOADER = "$(TEST_HOST)";
				CODE_SIGN_STYLE = Automatic;
				CURRENT_PROJECT_VERSION = 1;
				GENERATE_INFOPLIST_FILE = YES;
				IPHONEOS_DEPLOYMENT_TARGET = 18.0;
				MARKETING_VERSION = 1.0;
				PRODUCT_BUNDLE_IDENTIFIER = com.batuhangursoy.CalculateBMITests;
				PRODUCT_NAME = "$(TARGET_NAME)";
				SWIFT_EMIT_LOC_STRINGS = NO;
				SWIFT_VERSION = 5.0;
				TARGETED_DEVICE_FAMILY = "1,2";
				TEST_HOST = "$(BUILT_PRODUCTS_DIR)/CalculateBMI.app/$(BUNDLE_EXECUTABLE_FOLDER_PATH)/CalculateBMI";
			};
			name = Release;
		};
		BCA354392CC9414D00FCDE8A /* Debug */ = {
			isa = XCBuildConfiguration;
			buildSettings = {
				CODE_SIGN_STYLE = Automatic;
				CURRENT_PROJECT_VERSION = 1;
				GENERATE_INFOPLIST_FILE = YES;
				MARKETING_VERSION = 1.0;
				PRODUCT_BUNDLE_IDENTIFIER = com.batuhangursoy.CalculateBMIUITests;
				PRODUCT_NAME = "$(TARGET_NAME)";
				SWIFT_EMIT_LOC_STRINGS = NO;
				SWIFT_VERSION = 5.0;
				TARGETED_DEVICE_FAMILY = "1,2";
				TEST_TARGET_NAME = CalculateBMI;
			};
			name = Debug;
		};
		BCA3543A2CC9414D00FCDE8A /* Release */ = {
			isa = XCBuildConfiguration;
			buildSettings = {
				CODE_SIGN_STYLE = Automatic;
				CURRENT_PROJECT_VERSION = 1;
				GENERATE_INFOPLIST_FILE = YES;
				MARKETING_VERSION = 1.0;
				PRODUCT_BUNDLE_IDENTIFIER = com.batuhangursoy.CalculateBMIUITests;
				PRODUCT_NAME = "$(TARGET_NAME)";
				SWIFT_EMIT_LOC_STRINGS = NO;
				SWIFT_VERSION = 5.0;
				TARGETED_DEVICE_FAMILY = "1,2";
				TEST_TARGET_NAME = CalculateBMI;
			};
			name = Release;
		};
/* End XCBuildConfiguration section */

/* Begin XCConfigurationList section */
		BCA354022CC9414C00FCDE8A /* Build configuration list for PBXProject "CalculateBMI" */ = {
			isa = XCConfigurationList;
			buildConfigurations = (
				BCA354332CC9414D00FCDE8A /* Debug */,
				BCA354342CC9414D00FCDE8A /* Release */,
			);
			defaultConfigurationIsVisible = 0;
			defaultConfigurationName = Release;
		};
		BCA354302CC9414D00FCDE8A /* Build configuration list for PBXNativeTarget "CalculateBMI" */ = {
			isa = XCConfigurationList;
			buildConfigurations = (
				BCA354312CC9414D00FCDE8A /* Debug */,
				BCA354322CC9414D00FCDE8A /* Release */,
			);
			defaultConfigurationIsVisible = 0;
			defaultConfigurationName = Release;
		};
		BCA354352CC9414D00FCDE8A /* Build configuration list for PBXNativeTarget "CalculateBMITests" */ = {
			isa = XCConfigurationList;
			buildConfigurations = (
				BCA354362CC9414D00FCDE8A /* Debug */,
				BCA354372CC9414D00FCDE8A /* Release */,
			);
			defaultConfigurationIsVisible = 0;
			defaultConfigurationName = Release;
		};
		BCA354382CC9414D00FCDE8A /* Build configuration list for PBXNativeTarget "CalculateBMIUITests" */ = {
			isa = XCConfigurationList;
			buildConfigurations = (
				BCA354392CC9414D00FCDE8A /* Debug */,
				BCA3543A2CC9414D00FCDE8A /* Release */,
			);
			defaultConfigurationIsVisible = 0;
			defaultConfigurationName = Release;
		};
/* End XCConfigurationList section */
	};
	rootObject = BCA353FF2CC9414C00FCDE8A /* Project object */;
}
